// !$*UTF8*$!
{
	archiveVersion = 1;
	classes = {
	};
	objectVersion = 56;
	objects = {

/* Begin PBXBuildFile section */
		D27346072AB468D900F8FB98 /* AppDelegate.swift in Sources */ = {isa = PBXBuildFile; fileRef = D27346062AB468D900F8FB98 /* AppDelegate.swift */; };
		D27346092AB468D900F8FB98 /* SceneDelegate.swift in Sources */ = {isa = PBXBuildFile; fileRef = D27346082AB468D900F8FB98 /* SceneDelegate.swift */; };
		D273460B2AB468D900F8FB98 /* ViewController.swift in Sources */ = {isa = PBXBuildFile; fileRef = D273460A2AB468D900F8FB98 /* ViewController.swift */; };
		D27346102AB468DA00F8FB98 /* Assets.xcassets in Resources */ = {isa = PBXBuildFile; fileRef = D273460F2AB468DA00F8FB98 /* Assets.xcassets */; };
		D27346132AB468DA00F8FB98 /* LaunchScreen.storyboard in Resources */ = {isa = PBXBuildFile; fileRef = D27346112AB468DA00F8FB98 /* LaunchScreen.storyboard */; };
		D273461E2AB468DA00F8FB98 /* newsTests.swift in Sources */ = {isa = PBXBuildFile; fileRef = D273461D2AB468DA00F8FB98 /* newsTests.swift */; };
		D27346282AB468DA00F8FB98 /* newsUITests.swift in Sources */ = {isa = PBXBuildFile; fileRef = D27346272AB468DA00F8FB98 /* newsUITests.swift */; };
		D273462A2AB468DA00F8FB98 /* newsUITestsLaunchTests.swift in Sources */ = {isa = PBXBuildFile; fileRef = D27346292AB468DA00F8FB98 /* newsUITestsLaunchTests.swift */; };
		D27346382AB4691000F8FB98 /* SnapKit in Frameworks */ = {isa = PBXBuildFile; productRef = D27346372AB4691000F8FB98 /* SnapKit */; };
		D273463B2AB47DA300F8FB98 /* Alamofire in Frameworks */ = {isa = PBXBuildFile; productRef = D273463A2AB47DA300F8FB98 /* Alamofire */; };
/* End PBXBuildFile section */

/* Begin PBXContainerItemProxy section */
		D273461A2AB468DA00F8FB98 /* PBXContainerItemProxy */ = {
			isa = PBXContainerItemProxy;
			containerPortal = D27345FB2AB468D900F8FB98 /* Project object */;
			proxyType = 1;
			remoteGlobalIDString = D27346022AB468D900F8FB98;
			remoteInfo = news;
		};
		D27346242AB468DA00F8FB98 /* PBXContainerItemProxy */ = {
			isa = PBXContainerItemProxy;
			containerPortal = D27345FB2AB468D900F8FB98 /* Project object */;
			proxyType = 1;
			remoteGlobalIDString = D27346022AB468D900F8FB98;
			remoteInfo = news;
		};
/* End PBXContainerItemProxy section */

/* Begin PBXFileReference section */
		D27346032AB468D900F8FB98 /* news.app */ = {isa = PBXFileReference; explicitFileType = wrapper.application; includeInIndex = 0; path = news.app; sourceTree = BUILT_PRODUCTS_DIR; };
		D27346062AB468D900F8FB98 /* AppDelegate.swift */ = {isa = PBXFileReference; lastKnownFileType = sourcecode.swift; path = AppDelegate.swift; sourceTree = "<group>"; };
		D27346082AB468D900F8FB98 /* SceneDelegate.swift */ = {isa = PBXFileReference; lastKnownFileType = sourcecode.swift; path = SceneDelegate.swift; sourceTree = "<group>"; };
		D273460A2AB468D900F8FB98 /* ViewController.swift */ = {isa = PBXFileReference; lastKnownFileType = sourcecode.swift; path = ViewController.swift; sourceTree = "<group>"; };
		D273460F2AB468DA00F8FB98 /* Assets.xcassets */ = {isa = PBXFileReference; lastKnownFileType = folder.assetcatalog; path = Assets.xcassets; sourceTree = "<group>"; };
		D27346122AB468DA00F8FB98 /* Base */ = {isa = PBXFileReference; lastKnownFileType = file.storyboard; name = Base; path = Base.lproj/LaunchScreen.storyboard; sourceTree = "<group>"; };
		D27346142AB468DA00F8FB98 /* Info.plist */ = {isa = PBXFileReference; lastKnownFileType = text.plist.xml; path = Info.plist; sourceTree = "<group>"; };
		D27346192AB468DA00F8FB98 /* newsTests.xctest */ = {isa = PBXFileReference; explicitFileType = wrapper.cfbundle; includeInIndex = 0; path = newsTests.xctest; sourceTree = BUILT_PRODUCTS_DIR; };
		D273461D2AB468DA00F8FB98 /* newsTests.swift */ = {isa = PBXFileReference; lastKnownFileType = sourcecode.swift; path = newsTests.swift; sourceTree = "<group>"; };
		D27346232AB468DA00F8FB98 /* newsUITests.xctest */ = {isa = PBXFileReference; explicitFileType = wrapper.cfbundle; includeInIndex = 0; path = newsUITests.xctest; sourceTree = BUILT_PRODUCTS_DIR; };
		D27346272AB468DA00F8FB98 /* newsUITests.swift */ = {isa = PBXFileReference; lastKnownFileType = sourcecode.swift; path = newsUITests.swift; sourceTree = "<group>"; };
		D27346292AB468DA00F8FB98 /* newsUITestsLaunchTests.swift */ = {isa = PBXFileReference; lastKnownFileType = sourcecode.swift; path = newsUITestsLaunchTests.swift; sourceTree = "<group>"; };
/* End PBXFileReference section */

/* Begin PBXFrameworksBuildPhase section */
		D27346002AB468D900F8FB98 /* Frameworks */ = {
			isa = PBXFrameworksBuildPhase;
			buildActionMask = 2147483647;
			files = (
				D27346382AB4691000F8FB98 /* SnapKit in Frameworks */,
				D273463B2AB47DA300F8FB98 /* Alamofire in Frameworks */,
			);
			runOnlyForDeploymentPostprocessing = 0;
		};
		D27346162AB468DA00F8FB98 /* Frameworks */ = {
			isa = PBXFrameworksBuildPhase;
			buildActionMask = 2147483647;
			files = (
			);
			runOnlyForDeploymentPostprocessing = 0;
		};
		D27346202AB468DA00F8FB98 /* Frameworks */ = {
			isa = PBXFrameworksBuildPhase;
			buildActionMask = 2147483647;
			files = (
			);
			runOnlyForDeploymentPostprocessing = 0;
		};
/* End PBXFrameworksBuildPhase section */

/* Begin PBXGroup section */
		D27345FA2AB468D900F8FB98 = {
			isa = PBXGroup;
			children = (
				D27346052AB468D900F8FB98 /* news */,
				D273461C2AB468DA00F8FB98 /* newsTests */,
				D27346262AB468DA00F8FB98 /* newsUITests */,
				D27346042AB468D900F8FB98 /* Products */,
			);
			sourceTree = "<group>";
		};
		D27346042AB468D900F8FB98 /* Products */ = {
			isa = PBXGroup;
			children = (
				D27346032AB468D900F8FB98 /* news.app */,
				D27346192AB468DA00F8FB98 /* newsTests.xctest */,
				D27346232AB468DA00F8FB98 /* newsUITests.xctest */,
			);
			name = Products;
			sourceTree = "<group>";
		};
		D27346052AB468D900F8FB98 /* news */ = {
			isa = PBXGroup;
			children = (
				D27346062AB468D900F8FB98 /* AppDelegate.swift */,
				D27346082AB468D900F8FB98 /* SceneDelegate.swift */,
				D273460A2AB468D900F8FB98 /* ViewController.swift */,
				D273460F2AB468DA00F8FB98 /* Assets.xcassets */,
				D27346112AB468DA00F8FB98 /* LaunchScreen.storyboard */,
				D27346142AB468DA00F8FB98 /* Info.plist */,
			);
			path = news;
			sourceTree = "<group>";
		};
		D273461C2AB468DA00F8FB98 /* newsTests */ = {
			isa = PBXGroup;
			children = (
				D273461D2AB468DA00F8FB98 /* newsTests.swift */,
			);
			path = newsTests;
			sourceTree = "<group>";
		};
		D27346262AB468DA00F8FB98 /* newsUITests */ = {
			isa = PBXGroup;
			children = (
				D27346272AB468DA00F8FB98 /* newsUITests.swift */,
				D27346292AB468DA00F8FB98 /* newsUITestsLaunchTests.swift */,
			);
			path = newsUITests;
			sourceTree = "<group>";
		};
/* End PBXGroup section */

/* Begin PBXNativeTarget section */
		D27346022AB468D900F8FB98 /* news */ = {
			isa = PBXNativeTarget;
			buildConfigurationList = D273462D2AB468DA00F8FB98 /* Build configuration list for PBXNativeTarget "news" */;
			buildPhases = (
				D27345FF2AB468D900F8FB98 /* Sources */,
				D27346002AB468D900F8FB98 /* Frameworks */,
				D27346012AB468D900F8FB98 /* Resources */,
			);
			buildRules = (
			);
			dependencies = (
			);
			name = news;
			packageProductDependencies = (
				D27346372AB4691000F8FB98 /* SnapKit */,
				D273463A2AB47DA300F8FB98 /* Alamofire */,
			);
			productName = news;
			productReference = D27346032AB468D900F8FB98 /* news.app */;
			productType = "com.apple.product-type.application";
		};
		D27346182AB468DA00F8FB98 /* newsTests */ = {
			isa = PBXNativeTarget;
			buildConfigurationList = D27346302AB468DA00F8FB98 /* Build configuration list for PBXNativeTarget "newsTests" */;
			buildPhases = (
				D27346152AB468DA00F8FB98 /* Sources */,
				D27346162AB468DA00F8FB98 /* Frameworks */,
				D27346172AB468DA00F8FB98 /* Resources */,
			);
			buildRules = (
			);
			dependencies = (
				D273461B2AB468DA00F8FB98 /* PBXTargetDependency */,
			);
			name = newsTests;
			productName = newsTests;
			productReference = D27346192AB468DA00F8FB98 /* newsTests.xctest */;
			productType = "com.apple.product-type.bundle.unit-test";
		};
		D27346222AB468DA00F8FB98 /* newsUITests */ = {
			isa = PBXNativeTarget;
			buildConfigurationList = D27346332AB468DA00F8FB98 /* Build configuration list for PBXNativeTarget "newsUITests" */;
			buildPhases = (
				D273461F2AB468DA00F8FB98 /* Sources */,
				D27346202AB468DA00F8FB98 /* Frameworks */,
				D27346212AB468DA00F8FB98 /* Resources */,
			);
			buildRules = (
			);
			dependencies = (
				D27346252AB468DA00F8FB98 /* PBXTargetDependency */,
			);
			name = newsUITests;
			productName = newsUITests;
			productReference = D27346232AB468DA00F8FB98 /* newsUITests.xctest */;
			productType = "com.apple.product-type.bundle.ui-testing";
		};
/* End PBXNativeTarget section */

/* Begin PBXProject section */
		D27345FB2AB468D900F8FB98 /* Project object */ = {
			isa = PBXProject;
			attributes = {
				BuildIndependentTargetsInParallel = 1;
				LastSwiftUpdateCheck = 1420;
				LastUpgradeCheck = 1420;
				TargetAttributes = {
					D27346022AB468D900F8FB98 = {
						CreatedOnToolsVersion = 14.2;
					};
					D27346182AB468DA00F8FB98 = {
						CreatedOnToolsVersion = 14.2;
						TestTargetID = D27346022AB468D900F8FB98;
					};
					D27346222AB468DA00F8FB98 = {
						CreatedOnToolsVersion = 14.2;
						TestTargetID = D27346022AB468D900F8FB98;
					};
				};
			};
			buildConfigurationList = D27345FE2AB468D900F8FB98 /* Build configuration list for PBXProject "news" */;
			compatibilityVersion = "Xcode 14.0";
			developmentRegion = en;
			hasScannedForEncodings = 0;
			knownRegions = (
				en,
				Base,
			);
			mainGroup = D27345FA2AB468D900F8FB98;
			packageReferences = (
				D27346362AB4691000F8FB98 /* XCRemoteSwiftPackageReference "SnapKit" */,
				D27346392AB47DA200F8FB98 /* XCRemoteSwiftPackageReference "Alamofire" */,
			);
			productRefGroup = D27346042AB468D900F8FB98 /* Products */;
			projectDirPath = "";
			projectRoot = "";
			targets = (
				D27346022AB468D900F8FB98 /* news */,
				D27346182AB468DA00F8FB98 /* newsTests */,
				D27346222AB468DA00F8FB98 /* newsUITests */,
			);
		};
/* End PBXProject section */

/* Begin PBXResourcesBuildPhase section */
		D27346012AB468D900F8FB98 /* Resources */ = {
			isa = PBXResourcesBuildPhase;
			buildActionMask = 2147483647;
			files = (
				D27346132AB468DA00F8FB98 /* LaunchScreen.storyboard in Resources */,
				D27346102AB468DA00F8FB98 /* Assets.xcassets in Resources */,
			);
			runOnlyForDeploymentPostprocessing = 0;
		};
		D27346172AB468DA00F8FB98 /* Resources */ = {
			isa = PBXResourcesBuildPhase;
			buildActionMask = 2147483647;
			files = (
			);
			runOnlyForDeploymentPostprocessing = 0;
		};
		D27346212AB468DA00F8FB98 /* Resources */ = {
			isa = PBXResourcesBuildPhase;
			buildActionMask = 2147483647;
			files = (
			);
			runOnlyForDeploymentPostprocessing = 0;
		};
/* End PBXResourcesBuildPhase section */

/* Begin PBXSourcesBuildPhase section */
		D27345FF2AB468D900F8FB98 /* Sources */ = {
			isa = PBXSourcesBuildPhase;
			buildActionMask = 2147483647;
			files = (
				D273460B2AB468D900F8FB98 /* ViewController.swift in Sources */,
				D27346072AB468D900F8FB98 /* AppDelegate.swift in Sources */,
				D27346092AB468D900F8FB98 /* SceneDelegate.swift in Sources */,
			);
			runOnlyForDeploymentPostprocessing = 0;
		};
		D27346152AB468DA00F8FB98 /* Sources */ = {
			isa = PBXSourcesBuildPhase;
			buildActionMask = 2147483647;
			files = (
				D273461E2AB468DA00F8FB98 /* newsTests.swift in Sources */,
			);
			runOnlyForDeploymentPostprocessing = 0;
		};
		D273461F2AB468DA00F8FB98 /* Sources */ = {
			isa = PBXSourcesBuildPhase;
			buildActionMask = 2147483647;
			files = (
				D27346282AB468DA00F8FB98 /* newsUITests.swift in Sources */,
				D273462A2AB468DA00F8FB98 /* newsUITestsLaunchTests.swift in Sources */,
			);
			runOnlyForDeploymentPostprocessing = 0;
		};
/* End PBXSourcesBuildPhase section */

/* Begin PBXTargetDependency section */
		D273461B2AB468DA00F8FB98 /* PBXTargetDependency */ = {
			isa = PBXTargetDependency;
			target = D27346022AB468D900F8FB98 /* news */;
			targetProxy = D273461A2AB468DA00F8FB98 /* PBXContainerItemProxy */;
		};
		D27346252AB468DA00F8FB98 /* PBXTargetDependency */ = {
			isa = PBXTargetDependency;
			target = D27346022AB468D900F8FB98 /* news */;
			targetProxy = D27346242AB468DA00F8FB98 /* PBXContainerItemProxy */;
		};
/* End PBXTargetDependency section */

/* Begin PBXVariantGroup section */
		D27346112AB468DA00F8FB98 /* LaunchScreen.storyboard */ = {
			isa = PBXVariantGroup;
			children = (
				D27346122AB468DA00F8FB98 /* Base */,
			);
			name = LaunchScreen.storyboard;
			sourceTree = "<group>";
		};
/* End PBXVariantGroup section */

/* Begin XCBuildConfiguration section */
		D273462B2AB468DA00F8FB98 /* Debug */ = {
			isa = XCBuildConfiguration;
			buildSettings = {
				ALWAYS_SEARCH_USER_PATHS = NO;
				CLANG_ANALYZER_NONNULL = YES;
				CLANG_ANALYZER_NUMBER_OBJECT_CONVERSION = YES_AGGRESSIVE;
				CLANG_CXX_LANGUAGE_STANDARD = "gnu++20";
				CLANG_ENABLE_MODULES = YES;
				CLANG_ENABLE_OBJC_ARC = YES;
				CLANG_ENABLE_OBJC_WEAK = YES;
				CLANG_WARN_BLOCK_CAPTURE_AUTORELEASING = YES;
				CLANG_WARN_BOOL_CONVERSION = YES;
				CLANG_WARN_COMMA = YES;
				CLANG_WARN_CONSTANT_CONVERSION = YES;
				CLANG_WARN_DEPRECATED_OBJC_IMPLEMENTATIONS = YES;
				CLANG_WARN_DIRECT_OBJC_ISA_USAGE = YES_ERROR;
				CLANG_WARN_DOCUMENTATION_COMMENTS = YES;
				CLANG_WARN_EMPTY_BODY = YES;
				CLANG_WARN_ENUM_CONVERSION = YES;
				CLANG_WARN_INFINITE_RECURSION = YES;
				CLANG_WARN_INT_CONVERSION = YES;
				CLANG_WARN_NON_LITERAL_NULL_CONVERSION = YES;
				CLANG_WARN_OBJC_IMPLICIT_RETAIN_SELF = YES;
				CLANG_WARN_OBJC_LITERAL_CONVERSION = YES;
				CLANG_WARN_OBJC_ROOT_CLASS = YES_ERROR;
				CLANG_WARN_QUOTED_INCLUDE_IN_FRAMEWORK_HEADER = YES;
				CLANG_WARN_RANGE_LOOP_ANALYSIS = YES;
				CLANG_WARN_STRICT_PROTOTYPES = YES;
				CLANG_WARN_SUSPICIOUS_MOVE = YES;
				CLANG_WARN_UNGUARDED_AVAILABILITY = YES_AGGRESSIVE;
				CLANG_WARN_UNREACHABLE_CODE = YES;
				CLANG_WARN__DUPLICATE_METHOD_MATCH = YES;
				COPY_PHASE_STRIP = NO;
				DEBUG_INFORMATION_FORMAT = dwarf;
				ENABLE_STRICT_OBJC_MSGSEND = YES;
				ENABLE_TESTABILITY = YES;
				GCC_C_LANGUAGE_STANDARD = gnu11;
				GCC_DYNAMIC_NO_PIC = NO;
				GCC_NO_COMMON_BLOCKS = YES;
				GCC_OPTIMIZATION_LEVEL = 0;
				GCC_PREPROCESSOR_DEFINITIONS = (
					"DEBUG=1",
					"$(inherited)",
				);
				GCC_WARN_64_TO_32_BIT_CONVERSION = YES;
				GCC_WARN_ABOUT_RETURN_TYPE = YES_ERROR;
				GCC_WARN_UNDECLARED_SELECTOR = YES;
				GCC_WARN_UNINITIALIZED_AUTOS = YES_AGGRESSIVE;
				GCC_WARN_UNUSED_FUNCTION = YES;
				GCC_WARN_UNUSED_VARIABLE = YES;
				IPHONEOS_DEPLOYMENT_TARGET = 16.2;
				MTL_ENABLE_DEBUG_INFO = INCLUDE_SOURCE;
				MTL_FAST_MATH = YES;
				ONLY_ACTIVE_ARCH = YES;
				SDKROOT = iphoneos;
				SWIFT_ACTIVE_COMPILATION_CONDITIONS = DEBUG;
				SWIFT_OPTIMIZATION_LEVEL = "-Onone";
			};
			name = Debug;
		};
		D273462C2AB468DA00F8FB98 /* Release */ = {
			isa = XCBuildConfiguration;
			buildSettings = {
				ALWAYS_SEARCH_USER_PATHS = NO;
				CLANG_ANALYZER_NONNULL = YES;
				CLANG_ANALYZER_NUMBER_OBJECT_CONVERSION = YES_AGGRESSIVE;
				CLANG_CXX_LANGUAGE_STANDARD = "gnu++20";
				CLANG_ENABLE_MODULES = YES;
				CLANG_ENABLE_OBJC_ARC = YES;
				CLANG_ENABLE_OBJC_WEAK = YES;
				CLANG_WARN_BLOCK_CAPTURE_AUTORELEASING = YES;
				CLANG_WARN_BOOL_CONVERSION = YES;
				CLANG_WARN_COMMA = YES;
				CLANG_WARN_CONSTANT_CONVERSION = YES;
				CLANG_WARN_DEPRECATED_OBJC_IMPLEMENTATIONS = YES;
				CLANG_WARN_DIRECT_OBJC_ISA_USAGE = YES_ERROR;
				CLANG_WARN_DOCUMENTATION_COMMENTS = YES;
				CLANG_WARN_EMPTY_BODY = YES;
				CLANG_WARN_ENUM_CONVERSION = YES;
				CLANG_WARN_INFINITE_RECURSION = YES;
				CLANG_WARN_INT_CONVERSION = YES;
				CLANG_WARN_NON_LITERAL_NULL_CONVERSION = YES;
				CLANG_WARN_OBJC_IMPLICIT_RETAIN_SELF = YES;
				CLANG_WARN_OBJC_LITERAL_CONVERSION = YES;
				CLANG_WARN_OBJC_ROOT_CLASS = YES_ERROR;
				CLANG_WARN_QUOTED_INCLUDE_IN_FRAMEWORK_HEADER = YES;
				CLANG_WARN_RANGE_LOOP_ANALYSIS = YES;
				CLANG_WARN_STRICT_PROTOTYPES = YES;
				CLANG_WARN_SUSPICIOUS_MOVE = YES;
				CLANG_WARN_UNGUARDED_AVAILABILITY = YES_AGGRESSIVE;
				CLANG_WARN_UNREACHABLE_CODE = YES;
				CLANG_WARN__DUPLICATE_METHOD_MATCH = YES;
				COPY_PHASE_STRIP = NO;
				DEBUG_INFORMATION_FORMAT = "dwarf-with-dsym";
				ENABLE_NS_ASSERTIONS = NO;
				ENABLE_STRICT_OBJC_MSGSEND = YES;
				GCC_C_LANGUAGE_STANDARD = gnu11;
				GCC_NO_COMMON_BLOCKS = YES;
				GCC_WARN_64_TO_32_BIT_CONVERSION = YES;
				GCC_WARN_ABOUT_RETURN_TYPE = YES_ERROR;
				GCC_WARN_UNDECLARED_SELECTOR = YES;
				GCC_WARN_UNINITIALIZED_AUTOS = YES_AGGRESSIVE;
				GCC_WARN_UNUSED_FUNCTION = YES;
				GCC_WARN_UNUSED_VARIABLE = YES;
				IPHONEOS_DEPLOYMENT_TARGET = 16.2;
				MTL_ENABLE_DEBUG_INFO = NO;
				MTL_FAST_MATH = YES;
				SDKROOT = iphoneos;
				SWIFT_COMPILATION_MODE = wholemodule;
				SWIFT_OPTIMIZATION_LEVEL = "-O";
				VALIDATE_PRODUCT = YES;
			};
			name = Release;
		};
		D273462E2AB468DA00F8FB98 /* Debug */ = {
			isa = XCBuildConfiguration;
			buildSettings = {
				ASSETCATALOG_COMPILER_APPICON_NAME = AppIcon;
				ASSETCATALOG_COMPILER_GLOBAL_ACCENT_COLOR_NAME = AccentColor;
				CODE_SIGN_STYLE = Automatic;
				CURRENT_PROJECT_VERSION = 1;
				DEVELOPMENT_TEAM = JB68VP3JNR;
				GENERATE_INFOPLIST_FILE = YES;
				INFOPLIST_FILE = news/Info.plist;
				INFOPLIST_KEY_UIApplicationSupportsIndirectInputEvents = YES;
				INFOPLIST_KEY_UILaunchStoryboardName = LaunchScreen;
				INFOPLIST_KEY_UISupportedInterfaceOrientations_iPad = "UIInterfaceOrientationPortrait UIInterfaceOrientationPortraitUpsideDown UIInterfaceOrientationLandscapeLeft UIInterfaceOrientationLandscapeRight";
				INFOPLIST_KEY_UISupportedInterfaceOrientations_iPhone = "UIInterfaceOrientationPortrait UIInterfaceOrientationLandscapeLeft UIInterfaceOrientationLandscapeRight";
				LD_RUNPATH_SEARCH_PATHS = (
					"$(inherited)",
					"@executable_path/Frameworks",
				);
				MARKETING_VERSION = 1.0;
				PRODUCT_BUNDLE_IDENTIFIER = dsg.news;
				PRODUCT_NAME = "$(TARGET_NAME)";
				SWIFT_EMIT_LOC_STRINGS = YES;
				SWIFT_VERSION = 5.0;
				TARGETED_DEVICE_FAMILY = "1,2";
			};
			name = Debug;
		};
		D273462F2AB468DA00F8FB98 /* Release */ = {
			isa = XCBuildConfiguration;
			buildSettings = {
				ASSETCATALOG_COMPILER_APPICON_NAME = AppIcon;
				ASSETCATALOG_COMPILER_GLOBAL_ACCENT_COLOR_NAME = AccentColor;
				CODE_SIGN_STYLE = Automatic;
				CURRENT_PROJECT_VERSION = 1;
				DEVELOPMENT_TEAM = JB68VP3JNR;
				GENERATE_INFOPLIST_FILE = YES;
				INFOPLIST_FILE = news/Info.plist;
				INFOPLIST_KEY_UIApplicationSupportsIndirectInputEvents = YES;
				INFOPLIST_KEY_UILaunchStoryboardName = LaunchScreen;
				INFOPLIST_KEY_UISupportedInterfaceOrientations_iPad = "UIInterfaceOrientationPortrait UIInterfaceOrientationPortraitUpsideDown UIInterfaceOrientationLandscapeLeft UIInterfaceOrientationLandscapeRight";
				INFOPLIST_KEY_UISupportedInterfaceOrientations_iPhone = "UIInterfaceOrientationPortrait UIInterfaceOrientationLandscapeLeft UIInterfaceOrientationLandscapeRight";
				LD_RUNPATH_SEARCH_PATHS = (
					"$(inherited)",
					"@executable_path/Frameworks",
				);
				MARKETING_VERSION = 1.0;
				PRODUCT_BUNDLE_IDENTIFIER = dsg.news;
				PRODUCT_NAME = "$(TARGET_NAME)";
				SWIFT_EMIT_LOC_STRINGS = YES;
				SWIFT_VERSION = 5.0;
				TARGETED_DEVICE_FAMILY = "1,2";
			};
			name = Release;
		};
		D27346312AB468DA00F8FB98 /* Debug */ = {
			isa = XCBuildConfiguration;
			buildSettings = {
				ALWAYS_EMBED_SWIFT_STANDARD_LIBRARIES = YES;
				BUNDLE_LOADER = "$(TEST_HOST)";
				CODE_SIGN_STYLE = Automatic;
				CURRENT_PROJECT_VERSION = 1;
				DEVELOPMENT_TEAM = JB68VP3JNR;
				GENERATE_INFOPLIST_FILE = YES;
				IPHONEOS_DEPLOYMENT_TARGET = 16.2;
				MARKETING_VERSION = 1.0;
				PRODUCT_BUNDLE_IDENTIFIER = dsg.newsTests;
				PRODUCT_NAME = "$(TARGET_NAME)";
				SWIFT_EMIT_LOC_STRINGS = NO;
				SWIFT_VERSION = 5.0;
				TARGETED_DEVICE_FAMILY = "1,2";
				TEST_HOST = "$(BUILT_PRODUCTS_DIR)/news.app/$(BUNDLE_EXECUTABLE_FOLDER_PATH)/news";
			};
			name = Debug;
		};
		D27346322AB468DA00F8FB98 /* Release */ = {
			isa = XCBuildConfiguration;
			buildSettings = {
				ALWAYS_EMBED_SWIFT_STANDARD_LIBRARIES = YES;
				BUNDLE_LOADER = "$(TEST_HOST)";
				CODE_SIGN_STYLE = Automatic;
				CURRENT_PROJECT_VERSION = 1;
				DEVELOPMENT_TEAM = JB68VP3JNR;
				GENERATE_INFOPLIST_FILE = YES;
				IPHONEOS_DEPLOYMENT_TARGET = 16.2;
				MARKETING_VERSION = 1.0;
				PRODUCT_BUNDLE_IDENTIFIER = dsg.newsTests;
				PRODUCT_NAME = "$(TARGET_NAME)";
				SWIFT_EMIT_LOC_STRINGS = NO;
				SWIFT_VERSION = 5.0;
				TARGETED_DEVICE_FAMILY = "1,2";
				TEST_HOST = "$(BUILT_PRODUCTS_DIR)/news.app/$(BUNDLE_EXECUTABLE_FOLDER_PATH)/news";
			};
			name = Release;
		};
		D27346342AB468DA00F8FB98 /* Debug */ = {
			isa = XCBuildConfiguration;
			buildSettings = {
				ALWAYS_EMBED_SWIFT_STANDARD_LIBRARIES = YES;
				CODE_SIGN_STYLE = Automatic;
				CURRENT_PROJECT_VERSION = 1;
				DEVELOPMENT_TEAM = JB68VP3JNR;
				GENERATE_INFOPLIST_FILE = YES;
				MARKETING_VERSION = 1.0;
				PRODUCT_BUNDLE_IDENTIFIER = dsg.newsUITests;
				PRODUCT_NAME = "$(TARGET_NAME)";
				SWIFT_EMIT_LOC_STRINGS = NO;
				SWIFT_VERSION = 5.0;
				TARGETED_DEVICE_FAMILY = "1,2";
				TEST_TARGET_NAME = news;
			};
			name = Debug;
		};
		D27346352AB468DA00F8FB98 /* Release */ = {
			isa = XCBuildConfiguration;
			buildSettings = {
				ALWAYS_EMBED_SWIFT_STANDARD_LIBRARIES = YES;
				CODE_SIGN_STYLE = Automatic;
				CURRENT_PROJECT_VERSION = 1;
				DEVELOPMENT_TEAM = JB68VP3JNR;
				GENERATE_INFOPLIST_FILE = YES;
				MARKETING_VERSION = 1.0;
				PRODUCT_BUNDLE_IDENTIFIER = dsg.newsUITests;
				PRODUCT_NAME = "$(TARGET_NAME)";
				SWIFT_EMIT_LOC_STRINGS = NO;
				SWIFT_VERSION = 5.0;
				TARGETED_DEVICE_FAMILY = "1,2";
				TEST_TARGET_NAME = news;
			};
			name = Release;
		};
/* End XCBuildConfiguration section */

/* Begin XCConfigurationList section */
		D27345FE2AB468D900F8FB98 /* Build configuration list for PBXProject "news" */ = {
			isa = XCConfigurationList;
			buildConfigurations = (
				D273462B2AB468DA00F8FB98 /* Debug */,
				D273462C2AB468DA00F8FB98 /* Release */,
			);
			defaultConfigurationIsVisible = 0;
			defaultConfigurationName = Release;
		};
		D273462D2AB468DA00F8FB98 /* Build configuration list for PBXNativeTarget "news" */ = {
			isa = XCConfigurationList;
			buildConfigurations = (
				D273462E2AB468DA00F8FB98 /* Debug */,
				D273462F2AB468DA00F8FB98 /* Release */,
			);
			defaultConfigurationIsVisible = 0;
			defaultConfigurationName = Release;
		};
		D27346302AB468DA00F8FB98 /* Build configuration list for PBXNativeTarget "newsTests" */ = {
			isa = XCConfigurationList;
			buildConfigurations = (
				D27346312AB468DA00F8FB98 /* Debug */,
				D27346322AB468DA00F8FB98 /* Release */,
			);
			defaultConfigurationIsVisible = 0;
			defaultConfigurationName = Release;
		};
		D27346332AB468DA00F8FB98 /* Build configuration list for PBXNativeTarget "newsUITests" */ = {
			isa = XCConfigurationList;
			buildConfigurations = (
				D27346342AB468DA00F8FB98 /* Debug */,
				D27346352AB468DA00F8FB98 /* Release */,
			);
			defaultConfigurationIsVisible = 0;
			defaultConfigurationName = Release;
		};
/* End XCConfigurationList section */

/* Begin XCRemoteSwiftPackageReference section */
		D27346362AB4691000F8FB98 /* XCRemoteSwiftPackageReference "SnapKit" */ = {
			isa = XCRemoteSwiftPackageReference;
			repositoryURL = "https://github.com/SnapKit/SnapKit.git";
			requirement = {
				kind = upToNextMajorVersion;
				minimumVersion = 5.0.0;
			};
		};
		D27346392AB47DA200F8FB98 /* XCRemoteSwiftPackageReference "Alamofire" */ = {
			isa = XCRemoteSwiftPackageReference;
			repositoryURL = "https://github.com/Alamofire/Alamofire.git";
			requirement = {
				kind = upToNextMajorVersion;
				minimumVersion = 5.0.0;
			};
		};
/* End XCRemoteSwiftPackageReference section */

/* Begin XCSwiftPackageProductDependency section */
		D27346372AB4691000F8FB98 /* SnapKit */ = {
			isa = XCSwiftPackageProductDependency;
			package = D27346362AB4691000F8FB98 /* XCRemoteSwiftPackageReference "SnapKit" */;
			productName = SnapKit;
		};
		D273463A2AB47DA300F8FB98 /* Alamofire */ = {
			isa = XCSwiftPackageProductDependency;
			package = D27346392AB47DA200F8FB98 /* XCRemoteSwiftPackageReference "Alamofire" */;
			productName = Alamofire;
		};
/* End XCSwiftPackageProductDependency section */
	};
	rootObject = D27345FB2AB468D900F8FB98 /* Project object */;
}
